// !$*UTF8*$!
{
	archiveVersion = 1;
	classes = {
	};
	objectVersion = 55;
	objects = {

/* Begin PBXBuildFile section */
		2FD80D6F2854C2710023DB5F /* databaseFinalApp.swift in Sources */ = {isa = PBXBuildFile; fileRef = 2FD80D6E2854C2710023DB5F /* databaseFinalApp.swift */; };
		2FD80D712854C2710023DB5F /* ContentView.swift in Sources */ = {isa = PBXBuildFile; fileRef = 2FD80D702854C2710023DB5F /* ContentView.swift */; };
		2FD80D732854C2720023DB5F /* Assets.xcassets in Resources */ = {isa = PBXBuildFile; fileRef = 2FD80D722854C2720023DB5F /* Assets.xcassets */; };
		2FD80D762854C2720023DB5F /* Preview Assets.xcassets in Resources */ = {isa = PBXBuildFile; fileRef = 2FD80D752854C2720023DB5F /* Preview Assets.xcassets */; };
		2FD80D7D2854C30A0023DB5F /* DB_students_tc_utf8.csv in Resources */ = {isa = PBXBuildFile; fileRef = 2FD80D7C2854C30A0023DB5F /* DB_students_tc_utf8.csv */; };
		2FD80D7F2854C34E0023DB5F /* model.swift in Sources */ = {isa = PBXBuildFile; fileRef = 2FD80D7E2854C34E0023DB5F /* model.swift */; };
		2FD80D812854D5010023DB5F /* ViewModel.swift in Sources */ = {isa = PBXBuildFile; fileRef = 2FD80D802854D5010023DB5F /* ViewModel.swift */; };
		2FD80D832854DA2C0023DB5F /* SearchBar.swift in Sources */ = {isa = PBXBuildFile; fileRef = 2FD80D822854DA2C0023DB5F /* SearchBar.swift */; };
/* End PBXBuildFile section */

/* Begin PBXFileReference section */
		2FD80D6B2854C2710023DB5F /* databaseFinal.app */ = {isa = PBXFileReference; explicitFileType = wrapper.application; includeInIndex = 0; path = databaseFinal.app; sourceTree = BUILT_PRODUCTS_DIR; };
		2FD80D6E2854C2710023DB5F /* databaseFinalApp.swift */ = {isa = PBXFileReference; lastKnownFileType = sourcecode.swift; path = databaseFinalApp.swift; sourceTree = "<group>"; };
		2FD80D702854C2710023DB5F /* ContentView.swift */ = {isa = PBXFileReference; lastKnownFileType = sourcecode.swift; path = ContentView.swift; sourceTree = "<group>"; };
		2FD80D722854C2720023DB5F /* Assets.xcassets */ = {isa = PBXFileReference; lastKnownFileType = folder.assetcatalog; path = Assets.xcassets; sourceTree = "<group>"; };
		2FD80D752854C2720023DB5F /* Preview Assets.xcassets */ = {isa = PBXFileReference; lastKnownFileType = folder.assetcatalog; path = "Preview Assets.xcassets"; sourceTree = "<group>"; };
		2FD80D7C2854C30A0023DB5F /* DB_students_tc_utf8.csv */ = {isa = PBXFileReference; fileEncoding = 4; lastKnownFileType = text; path = DB_students_tc_utf8.csv; sourceTree = "<group>"; };
		2FD80D7E2854C34E0023DB5F /* model.swift */ = {isa = PBXFileReference; lastKnownFileType = sourcecode.swift; path = model.swift; sourceTree = "<group>"; };
		2FD80D802854D5010023DB5F /* ViewModel.swift */ = {isa = PBXFileReference; lastKnownFileType = sourcecode.swift; path = ViewModel.swift; sourceTree = "<group>"; };
		2FD80D822854DA2C0023DB5F /* SearchBar.swift */ = {isa = PBXFileReference; lastKnownFileType = sourcecode.swift; path = SearchBar.swift; sourceTree = "<group>"; };
/* End PBXFileReference section */

/* Begin PBXFrameworksBuildPhase section */
		2FD80D682854C2710023DB5F /* Frameworks */ = {
			isa = PBXFrameworksBuildPhase;
			buildActionMask = 2147483647;
			files = (
			);
			runOnlyForDeploymentPostprocessing = 0;
		};
/* End PBXFrameworksBuildPhase section */

/* Begin PBXGroup section */
		2FD80D622854C2710023DB5F = {
			isa = PBXGroup;
			children = (
				2FD80D6D2854C2710023DB5F /* databaseFinal */,
				2FD80D6C2854C2710023DB5F /* Products */,
			);
			sourceTree = "<group>";
		};
		2FD80D6C2854C2710023DB5F /* Products */ = {
			isa = PBXGroup;
			children = (
				2FD80D6B2854C2710023DB5F /* databaseFinal.app */,
			);
			name = Products;
			sourceTree = "<group>";
		};
		2FD80D6D2854C2710023DB5F /* databaseFinal */ = {
			isa = PBXGroup;
			children = (
				2FD80D7C2854C30A0023DB5F /* DB_students_tc_utf8.csv */,
				2FD80D6E2854C2710023DB5F /* databaseFinalApp.swift */,
				2FD80D822854DA2C0023DB5F /* SearchBar.swift */,
				2FD80D702854C2710023DB5F /* ContentView.swift */,
				2FD80D802854D5010023DB5F /* ViewModel.swift */,
				2FD80D7E2854C34E0023DB5F /* model.swift */,
				2FD80D722854C2720023DB5F /* Assets.xcassets */,
				2FD80D742854C2720023DB5F /* Preview Content */,
			);
			path = databaseFinal;
			sourceTree = "<group>";
		};
		2FD80D742854C2720023DB5F /* Preview Content */ = {
			isa = PBXGroup;
			children = (
				2FD80D752854C2720023DB5F /* Preview Assets.xcassets */,
			);
			path = "Preview Content";
			sourceTree = "<group>";
		};
/* End PBXGroup section */

/* Begin PBXNativeTarget section */
		2FD80D6A2854C2710023DB5F /* databaseFinal */ = {
			isa = PBXNativeTarget;
			buildConfigurationList = 2FD80D792854C2720023DB5F /* Build configuration list for PBXNativeTarget "databaseFinal" */;
			buildPhases = (
				2FD80D672854C2710023DB5F /* Sources */,
				2FD80D682854C2710023DB5F /* Frameworks */,
				2FD80D692854C2710023DB5F /* Resources */,
			);
			buildRules = (
			);
			dependencies = (
			);
			name = databaseFinal;
			productName = databaseFinal;
			productReference = 2FD80D6B2854C2710023DB5F /* databaseFinal.app */;
			productType = "com.apple.product-type.application";
		};
/* End PBXNativeTarget section */

/* Begin PBXProject section */
		2FD80D632854C2710023DB5F /* Project object */ = {
			isa = PBXProject;
			attributes = {
				BuildIndependentTargetsInParallel = 1;
				LastSwiftUpdateCheck = 1310;
				LastUpgradeCheck = 1310;
				TargetAttributes = {
					2FD80D6A2854C2710023DB5F = {
						CreatedOnToolsVersion = 13.1;
					};
				};
			};
			buildConfigurationList = 2FD80D662854C2710023DB5F /* Build configuration list for PBXProject "databaseFinal" */;
			compatibilityVersion = "Xcode 13.0";
			developmentRegion = en;
			hasScannedForEncodings = 0;
			knownRegions = (
				en,
				Base,
			);
			mainGroup = 2FD80D622854C2710023DB5F;
			productRefGroup = 2FD80D6C2854C2710023DB5F /* Products */;
			projectDirPath = "";
			projectRoot = "";
			targets = (
				2FD80D6A2854C2710023DB5F /* databaseFinal */,
			);
		};
/* End PBXProject section */

/* Begin PBXResourcesBuildPhase section */
		2FD80D692854C2710023DB5F /* Resources */ = {
			isa = PBXResourcesBuildPhase;
			buildActionMask = 2147483647;
			files = (
				2FD80D762854C2720023DB5F /* Preview Assets.xcassets in Resources */,
				2FD80D7D2854C30A0023DB5F /* DB_students_tc_utf8.csv in Resources */,
				2FD80D732854C2720023DB5F /* Assets.xcassets in Resources */,
			);
			runOnlyForDeploymentPostprocessing = 0;
		};
/* End PBXResourcesBuildPhase section */

/* Begin PBXSourcesBuildPhase section */
		2FD80D672854C2710023DB5F /* Sources */ = {
			isa = PBXSourcesBuildPhase;
			buildActionMask = 2147483647;
			files = (
				2FD80D712854C2710023DB5F /* ContentView.swift in Sources */,
				2FD80D7F2854C34E0023DB5F /* model.swift in Sources */,
				2FD80D832854DA2C0023DB5F /* SearchBar.swift in Sources */,
				2FD80D812854D5010023DB5F /* ViewModel.swift in Sources */,
				2FD80D6F2854C2710023DB5F /* databaseFinalApp.swift in Sources */,
			);
			runOnlyForDeploymentPostprocessing = 0;
		};
/* End PBXSourcesBuildPhase section */

/* Begin XCBuildConfiguration section */
		2FD80D772854C2720023DB5F /* Debug */ = {
			isa = XCBuildConfiguration;
			buildSettings = {
				ALWAYS_SEARCH_USER_PATHS = NO;
				CLANG_ANALYZER_NONNULL = YES;
				CLANG_ANALYZER_NUMBER_OBJECT_CONVERSION = YES_AGGRESSIVE;
				CLANG_CXX_LANGUAGE_STANDARD = "gnu++17";
				CLANG_CXX_LIBRARY = "libc++";
				CLANG_ENABLE_MODULES = YES;
				CLANG_ENABLE_OBJC_ARC = YES;
				CLANG_ENABLE_OBJC_WEAK = YES;
				CLANG_WARN_BLOCK_CAPTURE_AUTORELEASING = YES;
				CLANG_WARN_BOOL_CONVERSION = YES;
				CLANG_WARN_COMMA = YES;
				CLANG_WARN_CONSTANT_CONVERSION = YES;
				CLANG_WARN_DEPRECATED_OBJC_IMPLEMENTATIONS = YES;
				CLANG_WARN_DIRECT_OBJC_ISA_USAGE = YES_ERROR;
				CLANG_WARN_DOCUMENTATION_COMMENTS = YES;
				CLANG_WARN_EMPTY_BODY = YES;
				CLANG_WARN_ENUM_CONVERSION = YES;
				CLANG_WARN_INFINITE_RECURSION = YES;
				CLANG_WARN_INT_CONVERSION = YES;
				CLANG_WARN_NON_LITERAL_NULL_CONVERSION = YES;
				CLANG_WARN_OBJC_IMPLICIT_RETAIN_SELF = YES;
				CLANG_WARN_OBJC_LITERAL_CONVERSION = YES;
				CLANG_WARN_OBJC_ROOT_CLASS = YES_ERROR;
				CLANG_WARN_QUOTED_INCLUDE_IN_FRAMEWORK_HEADER = YES;
				CLANG_WARN_RANGE_LOOP_ANALYSIS = YES;
				CLANG_WARN_STRICT_PROTOTYPES = YES;
				CLANG_WARN_SUSPICIOUS_MOVE = YES;
				CLANG_WARN_UNGUARDED_AVAILABILITY = YES_AGGRESSIVE;
				CLANG_WARN_UNREACHABLE_CODE = YES;
				CLANG_WARN__DUPLICATE_METHOD_MATCH = YES;
				COPY_PHASE_STRIP = NO;
				DEBUG_INFORMATION_FORMAT = dwarf;
				ENABLE_STRICT_OBJC_MSGSEND = YES;
				ENABLE_TESTABILITY = YES;
				GCC_C_LANGUAGE_STANDARD = gnu11;
				GCC_DYNAMIC_NO_PIC = NO;
				GCC_NO_COMMON_BLOCKS = YES;
				GCC_OPTIMIZATION_LEVEL = 0;
				GCC_PREPROCESSOR_DEFINITIONS = (
					"DEBUG=1",
					"$(inherited)",
				);
				GCC_WARN_64_TO_32_BIT_CONVERSION = YES;
				GCC_WARN_ABOUT_RETURN_TYPE = YES_ERROR;
				GCC_WARN_UNDECLARED_SELECTOR = YES;
				GCC_WARN_UNINITIALIZED_AUTOS = YES_AGGRESSIVE;
				GCC_WARN_UNUSED_FUNCTION = YES;
				GCC_WARN_UNUSED_VARIABLE = YES;
				IPHONEOS_DEPLOYMENT_TARGET = 15.0;
				MTL_ENABLE_DEBUG_INFO = INCLUDE_SOURCE;
				MTL_FAST_MATH = YES;
				ONLY_ACTIVE_ARCH = YES;
				SDKROOT = iphoneos;
				SWIFT_ACTIVE_COMPILATION_CONDITIONS = DEBUG;
				SWIFT_OPTIMIZATION_LEVEL = "-Onone";
			};
			name = Debug;
		};
		2FD80D782854C2720023DB5F /* Release */ = {
			isa = XCBuildConfiguration;
			buildSettings = {
				ALWAYS_SEARCH_USER_PATHS = NO;
				CLANG_ANALYZER_NONNULL = YES;
				CLANG_ANALYZER_NUMBER_OBJECT_CONVERSION = YES_AGGRESSIVE;
				CLANG_CXX_LANGUAGE_STANDARD = "gnu++17";
				CLANG_CXX_LIBRARY = "libc++";
				CLANG_ENABLE_MODULES = YES;
				CLANG_ENABLE_OBJC_ARC = YES;
				CLANG_ENABLE_OBJC_WEAK = YES;
				CLANG_WARN_BLOCK_CAPTURE_AUTORELEASING = YES;
				CLANG_WARN_BOOL_CONVERSION = YES;
				CLANG_WARN_COMMA = YES;
				CLANG_WARN_CONSTANT_CONVERSION = YES;
				CLANG_WARN_DEPRECATED_OBJC_IMPLEMENTATIONS = YES;
				CLANG_WARN_DIRECT_OBJC_ISA_USAGE = YES_ERROR;
				CLANG_WARN_DOCUMENTATION_COMMENTS = YES;
				CLANG_WARN_EMPTY_BODY = YES;
				CLANG_WARN_ENUM_CONVERSION = YES;
				CLANG_WARN_INFINITE_RECURSION = YES;
				CLANG_WARN_INT_CONVERSION = YES;
				CLANG_WARN_NON_LITERAL_NULL_CONVERSION = YES;
				CLANG_WARN_OBJC_IMPLICIT_RETAIN_SELF = YES;
				CLANG_WARN_OBJC_LITERAL_CONVERSION = YES;
				CLANG_WARN_OBJC_ROOT_CLASS = YES_ERROR;
				CLANG_WARN_QUOTED_INCLUDE_IN_FRAMEWORK_HEADER = YES;
				CLANG_WARN_RANGE_LOOP_ANALYSIS = YES;
				CLANG_WARN_STRICT_PROTOTYPES = YES;
				CLANG_WARN_SUSPICIOUS_MOVE = YES;
				CLANG_WARN_UNGUARDED_AVAILABILITY = YES_AGGRESSIVE;
				CLANG_WARN_UNREACHABLE_CODE = YES;
				CLANG_WARN__DUPLICATE_METHOD_MATCH = YES;
				COPY_PHASE_STRIP = NO;
				DEBUG_INFORMATION_FORMAT = "dwarf-with-dsym";
				ENABLE_NS_ASSERTIONS = NO;
				ENABLE_STRICT_OBJC_MSGSEND = YES;
				GCC_C_LANGUAGE_STANDARD = gnu11;
				GCC_NO_COMMON_BLOCKS = YES;
				GCC_WARN_64_TO_32_BIT_CONVERSION = YES;
				GCC_WARN_ABOUT_RETURN_TYPE = YES_ERROR;
				GCC_WARN_UNDECLARED_SELECTOR = YES;
				GCC_WARN_UNINITIALIZED_AUTOS = YES_AGGRESSIVE;
				GCC_WARN_UNUSED_FUNCTION = YES;
				GCC_WARN_UNUSED_VARIABLE = YES;
				IPHONEOS_DEPLOYMENT_TARGET = 15.0;
				MTL_ENABLE_DEBUG_INFO = NO;
				MTL_FAST_MATH = YES;
				SDKROOT = iphoneos;
				SWIFT_COMPILATION_MODE = wholemodule;
				SWIFT_OPTIMIZATION_LEVEL = "-O";
				VALIDATE_PRODUCT = YES;
			};
			name = Release;
		};
		2FD80D7A2854C2720023DB5F /* Debug */ = {
			isa = XCBuildConfiguration;
			buildSettings = {
				ASSETCATALOG_COMPILER_APPICON_NAME = AppIcon;
				ASSETCATALOG_COMPILER_GLOBAL_ACCENT_COLOR_NAME = AccentColor;
				CODE_SIGN_STYLE = Automatic;
				CURRENT_PROJECT_VERSION = 1;
				DEVELOPMENT_ASSET_PATHS = "\"databaseFinal/Preview Content\"";
				DEVELOPMENT_TEAM = 46U3CJ7CE5;
				ENABLE_PREVIEWS = YES;
				GENERATE_INFOPLIST_FILE = YES;
				INFOPLIST_KEY_UIApplicationSceneManifest_Generation = YES;
				INFOPLIST_KEY_UIApplicationSupportsIndirectInputEvents = YES;
				INFOPLIST_KEY_UILaunchScreen_Generation = YES;
				INFOPLIST_KEY_UISupportedInterfaceOrientations_iPad = "UIInterfaceOrientationPortrait UIInterfaceOrientationPortraitUpsideDown UIInterfaceOrientationLandscapeLeft UIInterfaceOrientationLandscapeRight";
				INFOPLIST_KEY_UISupportedInterfaceOrientations_iPhone = "UIInterfaceOrientationPortrait UIInterfaceOrientationLandscapeLeft UIInterfaceOrientationLandscapeRight";
				LD_RUNPATH_SEARCH_PATHS = (
					"$(inherited)",
					"@executable_path/Frameworks",
				);
				MARKETING_VERSION = 1.0;
				PRODUCT_BUNDLE_IDENTIFIER = Kr1s.databaseFinal;
				PRODUCT_NAME = "$(TARGET_NAME)";
				SWIFT_EMIT_LOC_STRINGS = YES;
				SWIFT_VERSION = 5.0;
				TARGETED_DEVICE_FAMILY = "1,2";
			};
			name = Debug;
		};
		2FD80D7B2854C2720023DB5F /* Release */ = {
			isa = XCBuildConfiguration;
			buildSettings = {
				ASSETCATALOG_COMPILER_APPICON_NAME = AppIcon;
				ASSETCATALOG_COMPILER_GLOBAL_ACCENT_COLOR_NAME = AccentColor;
				CODE_SIGN_STYLE = Automatic;
				CURRENT_PROJECT_VERSION = 1;
				DEVELOPMENT_ASSET_PATHS = "\"databaseFinal/Preview Content\"";
				DEVELOPMENT_TEAM = 46U3CJ7CE5;
				ENABLE_PREVIEWS = YES;
				GENERATE_INFOPLIST_FILE = YES;
				INFOPLIST_KEY_UIApplicationSceneManifest_Generation = YES;
				INFOPLIST_KEY_UIApplicationSupportsIndirectInputEvents = YES;
				INFOPLIST_KEY_UILaunchScreen_Generation = YES;
				INFOPLIST_KEY_UISupportedInterfaceOrientations_iPad = "UIInterfaceOrientationPortrait UIInterfaceOrientationPortraitUpsideDown UIInterfaceOrientationLandscapeLeft UIInterfaceOrientationLandscapeRight";
				INFOPLIST_KEY_UISupportedInterfaceOrientations_iPhone = "UIInterfaceOrientationPortrait UIInterfaceOrientationLandscapeLeft UIInterfaceOrientationLandscapeRight";
				LD_RUNPATH_SEARCH_PATHS = (
					"$(inherited)",
					"@executable_path/Frameworks",
				);
				MARKETING_VERSION = 1.0;
				PRODUCT_BUNDLE_IDENTIFIER = Kr1s.databaseFinal;
				PRODUCT_NAME = "$(TARGET_NAME)";
				SWIFT_EMIT_LOC_STRINGS = YES;
				SWIFT_VERSION = 5.0;
				TARGETED_DEVICE_FAMILY = "1,2";
			};
			name = Release;
		};
/* End XCBuildConfiguration section */

/* Begin XCConfigurationList section */
		2FD80D662854C2710023DB5F /* Build configuration list for PBXProject "databaseFinal" */ = {
			isa = XCConfigurationList;
			buildConfigurations = (
				2FD80D772854C2720023DB5F /* Debug */,
				2FD80D782854C2720023DB5F /* Release */,
			);
			defaultConfigurationIsVisible = 0;
			defaultConfigurationName = Release;
		};
		2FD80D792854C2720023DB5F /* Build configuration list for PBXNativeTarget "databaseFinal" */ = {
			isa = XCConfigurationList;
			buildConfigurations = (
				2FD80D7A2854C2720023DB5F /* Debug */,
				2FD80D7B2854C2720023DB5F /* Release */,
			);
			defaultConfigurationIsVisible = 0;
			defaultConfigurationName = Release;
		};
/* End XCConfigurationList section */
	};
	rootObject = 2FD80D632854C2710023DB5F /* Project object */;
}
